
Microsoft Visual Studio Solution File, Format Version 12.00
# Visual Studio Version 16
VisualStudioVersion = 16.0.31321.278
MinimumVisualStudioVersion = 10.0.40219.1
Project("{9A19103F-16F7-4668-BE54-9A1E7A4F7556}") = "AlzaKariera", "AlzaKariera1\AlzaKariera.csproj", "{CE0C5C49-F0F8-4B90-A9D8-050657954B97}"
EndProject
Project("{9A19103F-16F7-4668-BE54-9A1E7A4F7556}") = "TestProject1", "TestProject1\TestProject1.csproj", "{C1349BB9-2F98-4ADA-BAD0-2E164843E223}"
EndProject
Global
	GlobalSection(SolutionConfigurationPlatforms) = preSolution
		Debug|Any CPU = Debug|Any CPU
		Release|Any CPU = Release|Any CPU
	EndGlobalSection
	GlobalSection(ProjectConfigurationPlatforms) = postSolution
		{CE0C5C49-F0F8-4B90-A9D8-050657954B97}.Debug|Any CPU.ActiveCfg = Debug|Any CPU
		{CE0C5C49-F0F8-4B90-A9D8-050657954B97}.Debug|Any CPU.Build.0 = Debug|Any CPU
		{CE0C5C49-F0F8-4B90-A9D8-050657954B97}.Release|Any CPU.ActiveCfg = Release|Any CPU
		{CE0C5C49-F0F8-4B90-A9D8-050657954B97}.Release|Any CPU.Build.0 = Release|Any CPU
		{C1349BB9-2F98-4ADA-BAD0-2E164843E223}.Debug|Any CPU.ActiveCfg = Debug|Any CPU
		{C1349BB9-2F98-4ADA-BAD0-2E164843E223}.Debug|Any CPU.Build.0 = Debug|Any CPU
		{C1349BB9-2F98-4ADA-BAD0-2E164843E223}.Release|Any CPU.ActiveCfg = Release|Any CPU
		{C1349BB9-2F98-4ADA-BAD0-2E164843E223}.Release|Any CPU.Build.0 = Release|Any CPU
	EndGlobalSection
	GlobalSection(SolutionProperties) = preSolution
		HideSolutionNode = FALSE
	EndGlobalSection
	GlobalSection(ExtensibilityGlobals) = postSolution
		SolutionGuid = {5436D432-CF4E-4227-B9C8-67BB22BEE2BC}
	EndGlobalSection
EndGlobal
