
Microsoft Visual Studio Solution File, Format Version 12.00
# Visual Studio Version 16
VisualStudioVersion = 16.0.31321.278
MinimumVisualStudioVersion = 10.0.40219.1
Project("{FAE04EC0-301F-11D3-BF4B-00C04F79EFBC}") = "AlzaDemo", "AlzaDemo\AlzaDemo.csproj", "{779DD821-8E48-46F6-BFBB-CC773C974642}"
EndProject
Global
	GlobalSection(SolutionConfigurationPlatforms) = preSolution
		Debug|Any CPU = Debug|Any CPU
		Release|Any CPU = Release|Any CPU
	EndGlobalSection
	GlobalSection(ProjectConfigurationPlatforms) = postSolution
		{779DD821-8E48-46F6-BFBB-CC773C974642}.Debug|Any CPU.ActiveCfg = Debug|Any CPU
		{779DD821-8E48-46F6-BFBB-CC773C974642}.Debug|Any CPU.Build.0 = Debug|Any CPU
		{779DD821-8E48-46F6-BFBB-CC773C974642}.Release|Any CPU.ActiveCfg = Release|Any CPU
		{779DD821-8E48-46F6-BFBB-CC773C974642}.Release|Any CPU.Build.0 = Release|Any CPU
	EndGlobalSection
	GlobalSection(SolutionProperties) = preSolution
		HideSolutionNode = FALSE
	EndGlobalSection
	GlobalSection(ExtensibilityGlobals) = postSolution
		SolutionGuid = {5436D432-CF4E-4227-B9C8-67BB22BEE2BC}
	EndGlobalSection
EndGlobal
